
Microsoft Visual Studio Solution File, Format Version 12.00
# Visual Studio Version 17
VisualStudioVersion = 17.3.32929.385
MinimumVisualStudioVersion = 10.0.40219.1
Project("{FAE04EC0-301F-11D3-BF4B-00C04F79EFBC}") = "Snake_Bachelor", "Snake_Bachelor\Snake_Bachelor.csproj", "{F5AB7D12-7387-4F35-989A-CC88587DCE4A}"
EndProject
Global
	GlobalSection(SolutionConfigurationPlatforms) = preSolution
		Debug|Any CPU = Debug|Any CPU
		Release|Any CPU = Release|Any CPU
	EndGlobalSection
	GlobalSection(ProjectConfigurationPlatforms) = postSolution
		{F5AB7D12-7387-4F35-989A-CC88587DCE4A}.Debug|Any CPU.ActiveCfg = Debug|Any CPU
		{F5AB7D12-7387-4F35-989A-CC88587DCE4A}.Debug|Any CPU.Build.0 = Debug|Any CPU
		{F5AB7D12-7387-4F35-989A-CC88587DCE4A}.Release|Any CPU.ActiveCfg = Release|Any CPU
		{F5AB7D12-7387-4F35-989A-CC88587DCE4A}.Release|Any CPU.Build.0 = Release|Any CPU
	EndGlobalSection
	GlobalSection(SolutionProperties) = preSolution
		HideSolutionNode = FALSE
	EndGlobalSection
	GlobalSection(ExtensibilityGlobals) = postSolution
		SolutionGuid = {4C87086B-BE03-4FD3-8442-F90118E1AA98}
	EndGlobalSection
EndGlobal
